# THIS IS AN AUTOGENERATED FILE. DO NOT EDIT THIS FILE DIRECTLY.
# yarn lockfile v1


vuetify@^2.2.29:
  version "2.2.29"
  resolved "https://registry.yarnpkg.com/vuetify/-/vuetify-2.2.29.tgz#77fd26d8d143251445bed69d3fa0e5d418f25fd0"
  integrity sha512-UI1i8kEdV+s7tNQe2yJJMPlvxGTE8cZfUAXEGV2yO4owHmeybn6p5YzFpJqimoKkfX6ok+zV29+6yIKfkyUDAA==
